
Microsoft Visual Studio Solution File, Format Version 12.00
# Visual Studio Version 16
VisualStudioVersion = 16.0.30114.105
MinimumVisualStudioVersion = 10.0.40219.1
Project("{FAE04EC0-301F-11D3-BF4B-00C04F79EFBC}") = "PropertyGridShowRoom", "PropertyGridShowRoom\PropertyGridShowRoom.csproj", "{E561E4F4-463E-4997-B255-19D48DD16117}"
EndProject
Project("{FAE04EC0-301F-11D3-BF4B-00C04F79EFBC}") = "QuickStart", "QuickStart\QuickStart.csproj", "{C32154E3-237F-4231-97B7-4A2A949D597F}"
EndProject
Global
	GlobalSection(SolutionConfigurationPlatforms) = preSolution
		Debug|Any CPU = Debug|Any CPU
		Release|Any CPU = Release|Any CPU
	EndGlobalSection
	GlobalSection(ProjectConfigurationPlatforms) = postSolution
		{E561E4F4-463E-4997-B255-19D48DD16117}.Debug|Any CPU.ActiveCfg = Debug|Any CPU
		{E561E4F4-463E-4997-B255-19D48DD16117}.Debug|Any CPU.Build.0 = Debug|Any CPU
		{E561E4F4-463E-4997-B255-19D48DD16117}.Release|Any CPU.ActiveCfg = Release|Any CPU
		{E561E4F4-463E-4997-B255-19D48DD16117}.Release|Any CPU.Build.0 = Release|Any CPU
		{C32154E3-237F-4231-97B7-4A2A949D597F}.Debug|Any CPU.ActiveCfg = Debug|Any CPU
		{C32154E3-237F-4231-97B7-4A2A949D597F}.Debug|Any CPU.Build.0 = Debug|Any CPU
		{C32154E3-237F-4231-97B7-4A2A949D597F}.Release|Any CPU.ActiveCfg = Release|Any CPU
		{C32154E3-237F-4231-97B7-4A2A949D597F}.Release|Any CPU.Build.0 = Release|Any CPU
	EndGlobalSection
	GlobalSection(SolutionProperties) = preSolution
		HideSolutionNode = FALSE
	EndGlobalSection
	GlobalSection(ExtensibilityGlobals) = postSolution
		SolutionGuid = {89D4DAAD-5327-4FEB-8356-75309D5998BD}
	EndGlobalSection
EndGlobal
